// !$*UTF8*$!
{
	archiveVersion = 1;
	classes = {
	};
	objectVersion = 55;
	objects = {

/* Begin PBXBuildFile section */
		223F6DD62745B8D500D13A81 /* ASearchPlacesUseCase.swift in Sources */ = {isa = PBXBuildFile; fileRef = 223F6DD52745B8D500D13A81 /* ASearchPlacesUseCase.swift */; };
		223F6DD92745B8EF00D13A81 /* Place.swift in Sources */ = {isa = PBXBuildFile; fileRef = 223F6DD82745B8EC00D13A81 /* Place.swift */; };
		223F6DDC2745B90A00D13A81 /* SearchQuery.swift in Sources */ = {isa = PBXBuildFile; fileRef = 223F6DDB2745B90600D13A81 /* SearchQuery.swift */; };
		223F6DF72745BD3D00D13A81 /* Core.framework in Copy Frameworks */ = {isa = PBXBuildFile; fileRef = 223F6DF52745BD2800D13A81 /* Core.framework */; settings = {ATTRIBUTES = (CodeSignOnCopy, RemoveHeadersOnCopy, ); }; };
		223F6DF92745BD9C00D13A81 /* Namespace.swift in Sources */ = {isa = PBXBuildFile; fileRef = 223F6DF82745BD9C00D13A81 /* Namespace.swift */; };
		223F6DFD2745C34100D13A81 /* AQueryItemsProvider.swift in Sources */ = {isa = PBXBuildFile; fileRef = 223F6DFA2745C30100D13A81 /* AQueryItemsProvider.swift */; };
		223F6DFE2745C34300D13A81 /* ABodyDataProvider.swift in Sources */ = {isa = PBXBuildFile; fileRef = 223F6DFB2745C30100D13A81 /* ABodyDataProvider.swift */; };
		223F6E052745C64200D13A81 /* APlacesRepo.swift in Sources */ = {isa = PBXBuildFile; fileRef = 223F6E042745C64200D13A81 /* APlacesRepo.swift */; };
		223F6E1A2745C73600D13A81 /* Envelop.swift in Sources */ = {isa = PBXBuildFile; fileRef = 223F6E192745C73600D13A81 /* Envelop.swift */; };
		223F6E1C2745C73900D13A81 /* PagingEnvelop.swift in Sources */ = {isa = PBXBuildFile; fileRef = 223F6E1B2745C73900D13A81 /* PagingEnvelop.swift */; };
		225C811C2745B07D0013E651 /* Domain.h in Headers */ = {isa = PBXBuildFile; fileRef = 225C811B2745B07D0013E651 /* Domain.h */; settings = {ATTRIBUTES = (Public, ); }; };
/* End PBXBuildFile section */

/* Begin PBXContainerItemProxy section */
		223F6DF42745BD2800D13A81 /* PBXContainerItemProxy */ = {
			isa = PBXContainerItemProxy;
			containerPortal = 223F6DF02745BD2800D13A81 /* Core.xcodeproj */;
			proxyType = 2;
			remoteGlobalIDString = 221B20932742EE0A0057EA7A;
			remoteInfo = Core;
		};
/* End PBXContainerItemProxy section */

/* Begin PBXCopyFilesBuildPhase section */
		223F6DF62745BD2F00D13A81 /* Copy Frameworks */ = {
			isa = PBXCopyFilesBuildPhase;
			buildActionMask = 2147483647;
			dstPath = "";
			dstSubfolderSpec = 10;
			files = (
				223F6DF72745BD3D00D13A81 /* Core.framework in Copy Frameworks */,
			);
			name = "Copy Frameworks";
			runOnlyForDeploymentPostprocessing = 0;
		};
/* End PBXCopyFilesBuildPhase section */

/* Begin PBXFileReference section */
		223F6DD52745B8D500D13A81 /* ASearchPlacesUseCase.swift */ = {isa = PBXFileReference; lastKnownFileType = sourcecode.swift; path = ASearchPlacesUseCase.swift; sourceTree = "<group>"; };
		223F6DD82745B8EC00D13A81 /* Place.swift */ = {isa = PBXFileReference; lastKnownFileType = sourcecode.swift; path = Place.swift; sourceTree = "<group>"; };
		223F6DDB2745B90600D13A81 /* SearchQuery.swift */ = {isa = PBXFileReference; lastKnownFileType = sourcecode.swift; path = SearchQuery.swift; sourceTree = "<group>"; };
		223F6DF02745BD2800D13A81 /* Core.xcodeproj */ = {isa = PBXFileReference; lastKnownFileType = "wrapper.pb-project"; name = Core.xcodeproj; path = ../Core/Core.xcodeproj; sourceTree = "<group>"; };
		223F6DF82745BD9C00D13A81 /* Namespace.swift */ = {isa = PBXFileReference; lastKnownFileType = sourcecode.swift; path = Namespace.swift; sourceTree = "<group>"; };
		223F6DFA2745C30100D13A81 /* AQueryItemsProvider.swift */ = {isa = PBXFileReference; fileEncoding = 4; lastKnownFileType = sourcecode.swift; path = AQueryItemsProvider.swift; sourceTree = "<group>"; };
		223F6DFB2745C30100D13A81 /* ABodyDataProvider.swift */ = {isa = PBXFileReference; fileEncoding = 4; lastKnownFileType = sourcecode.swift; path = ABodyDataProvider.swift; sourceTree = "<group>"; };
		223F6E042745C64200D13A81 /* APlacesRepo.swift */ = {isa = PBXFileReference; lastKnownFileType = sourcecode.swift; path = APlacesRepo.swift; sourceTree = "<group>"; };
		223F6E192745C73600D13A81 /* Envelop.swift */ = {isa = PBXFileReference; fileEncoding = 4; lastKnownFileType = sourcecode.swift; path = Envelop.swift; sourceTree = "<group>"; };
		223F6E1B2745C73900D13A81 /* PagingEnvelop.swift */ = {isa = PBXFileReference; lastKnownFileType = sourcecode.swift; path = PagingEnvelop.swift; sourceTree = "<group>"; };
		225C81182745B07D0013E651 /* Domain.framework */ = {isa = PBXFileReference; explicitFileType = wrapper.framework; includeInIndex = 0; path = Domain.framework; sourceTree = BUILT_PRODUCTS_DIR; };
		225C811B2745B07D0013E651 /* Domain.h */ = {isa = PBXFileReference; lastKnownFileType = sourcecode.c.h; path = Domain.h; sourceTree = "<group>"; };
/* End PBXFileReference section */

/* Begin PBXFrameworksBuildPhase section */
		225C81152745B07D0013E651 /* Frameworks */ = {
			isa = PBXFrameworksBuildPhase;
			buildActionMask = 2147483647;
			files = (
			);
			runOnlyForDeploymentPostprocessing = 0;
		};
/* End PBXFrameworksBuildPhase section */

/* Begin PBXGroup section */
		223F6DD42745B87E00D13A81 /* Use Cases */ = {
			isa = PBXGroup;
			children = (
				223F6DD52745B8D500D13A81 /* ASearchPlacesUseCase.swift */,
			);
			path = "Use Cases";
			sourceTree = "<group>";
		};
		223F6DD72745B8EC00D13A81 /* Places */ = {
			isa = PBXGroup;
			children = (
				223F6DF82745BD9C00D13A81 /* Namespace.swift */,
				223F6DDA2745B90600D13A81 /* Query */,
				223F6DD82745B8EC00D13A81 /* Place.swift */,
			);
			path = Places;
			sourceTree = "<group>";
		};
		223F6DDA2745B90600D13A81 /* Query */ = {
			isa = PBXGroup;
			children = (
				223F6DDB2745B90600D13A81 /* SearchQuery.swift */,
			);
			path = Query;
			sourceTree = "<group>";
		};
		223F6DEF2745BD1E00D13A81 /* Dependencies */ = {
			isa = PBXGroup;
			children = (
				223F6DF02745BD2800D13A81 /* Core.xcodeproj */,
			);
			name = Dependencies;
			sourceTree = "<group>";
		};
		223F6DF12745BD2800D13A81 /* Products */ = {
			isa = PBXGroup;
			children = (
				223F6DF52745BD2800D13A81 /* Core.framework */,
			);
			name = Products;
			sourceTree = "<group>";
		};
		223F6DFC2745C30100D13A81 /* Protocols */ = {
			isa = PBXGroup;
			children = (
				223F6DFA2745C30100D13A81 /* AQueryItemsProvider.swift */,
				223F6DFB2745C30100D13A81 /* ABodyDataProvider.swift */,
			);
			path = Protocols;
			sourceTree = "<group>";
		};
		223F6E022745C57400D13A81 /* Repo Protocols */ = {
			isa = PBXGroup;
			children = (
				223F6E042745C64200D13A81 /* APlacesRepo.swift */,
			);
			path = "Repo Protocols";
			sourceTree = "<group>";
		};
		223F6E182745C72800D13A81 /* Envelops */ = {
			isa = PBXGroup;
			children = (
				223F6E192745C73600D13A81 /* Envelop.swift */,
				223F6E1B2745C73900D13A81 /* PagingEnvelop.swift */,
			);
			path = Envelops;
			sourceTree = "<group>";
		};
		225C810E2745B07D0013E651 = {
			isa = PBXGroup;
			children = (
				223F6DEF2745BD1E00D13A81 /* Dependencies */,
				225C811A2745B07D0013E651 /* Domain */,
				225C81192745B07D0013E651 /* Products */,
			);
			sourceTree = "<group>";
		};
		225C81192745B07D0013E651 /* Products */ = {
			isa = PBXGroup;
			children = (
				225C81182745B07D0013E651 /* Domain.framework */,
			);
			name = Products;
			sourceTree = "<group>";
		};
		225C811A2745B07D0013E651 /* Domain */ = {
			isa = PBXGroup;
			children = (
				223F6DD42745B87E00D13A81 /* Use Cases */,
				225C81232745B0F90013E651 /* Models */,
				223F6E022745C57400D13A81 /* Repo Protocols */,
				223F6DFC2745C30100D13A81 /* Protocols */,
				225C811B2745B07D0013E651 /* Domain.h */,
			);
			path = Domain;
			sourceTree = "<group>";
		};
		225C81232745B0F90013E651 /* Models */ = {
			isa = PBXGroup;
			children = (
				223F6E182745C72800D13A81 /* Envelops */,
				223F6DD72745B8EC00D13A81 /* Places */,
			);
			path = Models;
			sourceTree = "<group>";
		};
/* End PBXGroup section */

/* Begin PBXHeadersBuildPhase section */
		225C81132745B07D0013E651 /* Headers */ = {
			isa = PBXHeadersBuildPhase;
			buildActionMask = 2147483647;
			files = (
				225C811C2745B07D0013E651 /* Domain.h in Headers */,
			);
			runOnlyForDeploymentPostprocessing = 0;
		};
/* End PBXHeadersBuildPhase section */

/* Begin PBXNativeTarget section */
		225C81172745B07D0013E651 /* Domain */ = {
			isa = PBXNativeTarget;
			buildConfigurationList = 225C811F2745B07D0013E651 /* Build configuration list for PBXNativeTarget "Domain" */;
			buildPhases = (
				225C81132745B07D0013E651 /* Headers */,
				225C81142745B07D0013E651 /* Sources */,
				225C81152745B07D0013E651 /* Frameworks */,
				225C81162745B07D0013E651 /* Resources */,
				223F6DF62745BD2F00D13A81 /* Copy Frameworks */,
			);
			buildRules = (
			);
			dependencies = (
			);
			name = Domain;
			productName = Domain;
			productReference = 225C81182745B07D0013E651 /* Domain.framework */;
			productType = "com.apple.product-type.framework";
		};
/* End PBXNativeTarget section */

/* Begin PBXProject section */
		225C810F2745B07D0013E651 /* Project object */ = {
			isa = PBXProject;
			attributes = {
				BuildIndependentTargetsInParallel = 1;
				LastUpgradeCheck = 1310;
				TargetAttributes = {
					225C81172745B07D0013E651 = {
						CreatedOnToolsVersion = 13.1;
						LastSwiftMigration = 1310;
					};
				};
			};
			buildConfigurationList = 225C81122745B07D0013E651 /* Build configuration list for PBXProject "Domain" */;
			compatibilityVersion = "Xcode 13.0";
			developmentRegion = en;
			hasScannedForEncodings = 0;
			knownRegions = (
				en,
				Base,
			);
			mainGroup = 225C810E2745B07D0013E651;
			productRefGroup = 225C81192745B07D0013E651 /* Products */;
			projectDirPath = "";
			projectReferences = (
				{
					ProductGroup = 223F6DF12745BD2800D13A81 /* Products */;
					ProjectRef = 223F6DF02745BD2800D13A81 /* Core.xcodeproj */;
				},
			);
			projectRoot = "";
			targets = (
				225C81172745B07D0013E651 /* Domain */,
			);
		};
/* End PBXProject section */

/* Begin PBXReferenceProxy section */
		223F6DF52745BD2800D13A81 /* Core.framework */ = {
			isa = PBXReferenceProxy;
			fileType = wrapper.framework;
			path = Core.framework;
			remoteRef = 223F6DF42745BD2800D13A81 /* PBXContainerItemProxy */;
			sourceTree = BUILT_PRODUCTS_DIR;
		};
/* End PBXReferenceProxy section */

/* Begin PBXResourcesBuildPhase section */
		225C81162745B07D0013E651 /* Resources */ = {
			isa = PBXResourcesBuildPhase;
			buildActionMask = 2147483647;
			files = (
			);
			runOnlyForDeploymentPostprocessing = 0;
		};
/* End PBXResourcesBuildPhase section */

/* Begin PBXSourcesBuildPhase section */
		225C81142745B07D0013E651 /* Sources */ = {
			isa = PBXSourcesBuildPhase;
			buildActionMask = 2147483647;
			files = (
				223F6DD62745B8D500D13A81 /* ASearchPlacesUseCase.swift in Sources */,
				223F6E1A2745C73600D13A81 /* Envelop.swift in Sources */,
				223F6DD92745B8EF00D13A81 /* Place.swift in Sources */,
				223F6DFD2745C34100D13A81 /* AQueryItemsProvider.swift in Sources */,
				223F6E052745C64200D13A81 /* APlacesRepo.swift in Sources */,
				223F6DDC2745B90A00D13A81 /* SearchQuery.swift in Sources */,
				223F6DFE2745C34300D13A81 /* ABodyDataProvider.swift in Sources */,
				223F6DF92745BD9C00D13A81 /* Namespace.swift in Sources */,
				223F6E1C2745C73900D13A81 /* PagingEnvelop.swift in Sources */,
			);
			runOnlyForDeploymentPostprocessing = 0;
		};
/* End PBXSourcesBuildPhase section */

/* Begin XCBuildConfiguration section */
		225C811D2745B07D0013E651 /* Debug */ = {
			isa = XCBuildConfiguration;
			buildSettings = {
				ALWAYS_SEARCH_USER_PATHS = NO;
				CLANG_ANALYZER_NONNULL = YES;
				CLANG_ANALYZER_NUMBER_OBJECT_CONVERSION = YES_AGGRESSIVE;
				CLANG_CXX_LANGUAGE_STANDARD = "gnu++17";
				CLANG_CXX_LIBRARY = "libc++";
				CLANG_ENABLE_MODULES = YES;
				CLANG_ENABLE_OBJC_ARC = YES;
				CLANG_ENABLE_OBJC_WEAK = YES;
				CLANG_WARN_BLOCK_CAPTURE_AUTORELEASING = YES;
				CLANG_WARN_BOOL_CONVERSION = YES;
				CLANG_WARN_COMMA = YES;
				CLANG_WARN_CONSTANT_CONVERSION = YES;
				CLANG_WARN_DEPRECATED_OBJC_IMPLEMENTATIONS = YES;
				CLANG_WARN_DIRECT_OBJC_ISA_USAGE = YES_ERROR;
				CLANG_WARN_DOCUMENTATION_COMMENTS = YES;
				CLANG_WARN_EMPTY_BODY = YES;
				CLANG_WARN_ENUM_CONVERSION = YES;
				CLANG_WARN_INFINITE_RECURSION = YES;
				CLANG_WARN_INT_CONVERSION = YES;
				CLANG_WARN_NON_LITERAL_NULL_CONVERSION = YES;
				CLANG_WARN_OBJC_IMPLICIT_RETAIN_SELF = YES;
				CLANG_WARN_OBJC_LITERAL_CONVERSION = YES;
				CLANG_WARN_OBJC_ROOT_CLASS = YES_ERROR;
				CLANG_WARN_QUOTED_INCLUDE_IN_FRAMEWORK_HEADER = YES;
				CLANG_WARN_RANGE_LOOP_ANALYSIS = YES;
				CLANG_WARN_STRICT_PROTOTYPES = YES;
				CLANG_WARN_SUSPICIOUS_MOVE = YES;
				CLANG_WARN_UNGUARDED_AVAILABILITY = YES_AGGRESSIVE;
				CLANG_WARN_UNREACHABLE_CODE = YES;
				CLANG_WARN__DUPLICATE_METHOD_MATCH = YES;
				COPY_PHASE_STRIP = NO;
				CURRENT_PROJECT_VERSION = 1;
				DEBUG_INFORMATION_FORMAT = dwarf;
				ENABLE_STRICT_OBJC_MSGSEND = YES;
				ENABLE_TESTABILITY = YES;
				GCC_C_LANGUAGE_STANDARD = gnu11;
				GCC_DYNAMIC_NO_PIC = NO;
				GCC_NO_COMMON_BLOCKS = YES;
				GCC_OPTIMIZATION_LEVEL = 0;
				GCC_PREPROCESSOR_DEFINITIONS = (
					"DEBUG=1",
					"$(inherited)",
				);
				GCC_WARN_64_TO_32_BIT_CONVERSION = YES;
				GCC_WARN_ABOUT_RETURN_TYPE = YES_ERROR;
				GCC_WARN_UNDECLARED_SELECTOR = YES;
				GCC_WARN_UNINITIALIZED_AUTOS = YES_AGGRESSIVE;
				GCC_WARN_UNUSED_FUNCTION = YES;
				GCC_WARN_UNUSED_VARIABLE = YES;
				IPHONEOS_DEPLOYMENT_TARGET = 15.0;
				MTL_ENABLE_DEBUG_INFO = INCLUDE_SOURCE;
				MTL_FAST_MATH = YES;
				ONLY_ACTIVE_ARCH = YES;
				SDKROOT = iphoneos;
				SWIFT_ACTIVE_COMPILATION_CONDITIONS = DEBUG;
				SWIFT_OPTIMIZATION_LEVEL = "-Onone";
				VERSIONING_SYSTEM = "apple-generic";
				VERSION_INFO_PREFIX = "";
			};
			name = Debug;
		};
		225C811E2745B07D0013E651 /* Release */ = {
			isa = XCBuildConfiguration;
			buildSettings = {
				ALWAYS_SEARCH_USER_PATHS = NO;
				CLANG_ANALYZER_NONNULL = YES;
				CLANG_ANALYZER_NUMBER_OBJECT_CONVERSION = YES_AGGRESSIVE;
				CLANG_CXX_LANGUAGE_STANDARD = "gnu++17";
				CLANG_CXX_LIBRARY = "libc++";
				CLANG_ENABLE_MODULES = YES;
				CLANG_ENABLE_OBJC_ARC = YES;
				CLANG_ENABLE_OBJC_WEAK = YES;
				CLANG_WARN_BLOCK_CAPTURE_AUTORELEASING = YES;
				CLANG_WARN_BOOL_CONVERSION = YES;
				CLANG_WARN_COMMA = YES;
				CLANG_WARN_CONSTANT_CONVERSION = YES;
				CLANG_WARN_DEPRECATED_OBJC_IMPLEMENTATIONS = YES;
				CLANG_WARN_DIRECT_OBJC_ISA_USAGE = YES_ERROR;
				CLANG_WARN_DOCUMENTATION_COMMENTS = YES;
				CLANG_WARN_EMPTY_BODY = YES;
				CLANG_WARN_ENUM_CONVERSION = YES;
				CLANG_WARN_INFINITE_RECURSION = YES;
				CLANG_WARN_INT_CONVERSION = YES;
				CLANG_WARN_NON_LITERAL_NULL_CONVERSION = YES;
				CLANG_WARN_OBJC_IMPLICIT_RETAIN_SELF = YES;
				CLANG_WARN_OBJC_LITERAL_CONVERSION = YES;
				CLANG_WARN_OBJC_ROOT_CLASS = YES_ERROR;
				CLANG_WARN_QUOTED_INCLUDE_IN_FRAMEWORK_HEADER = YES;
				CLANG_WARN_RANGE_LOOP_ANALYSIS = YES;
				CLANG_WARN_STRICT_PROTOTYPES = YES;
				CLANG_WARN_SUSPICIOUS_MOVE = YES;
				CLANG_WARN_UNGUARDED_AVAILABILITY = YES_AGGRESSIVE;
				CLANG_WARN_UNREACHABLE_CODE = YES;
				CLANG_WARN__DUPLICATE_METHOD_MATCH = YES;
				COPY_PHASE_STRIP = NO;
				CURRENT_PROJECT_VERSION = 1;
				DEBUG_INFORMATION_FORMAT = "dwarf-with-dsym";
				ENABLE_NS_ASSERTIONS = NO;
				ENABLE_STRICT_OBJC_MSGSEND = YES;
				GCC_C_LANGUAGE_STANDARD = gnu11;
				GCC_NO_COMMON_BLOCKS = YES;
				GCC_WARN_64_TO_32_BIT_CONVERSION = YES;
				GCC_WARN_ABOUT_RETURN_TYPE = YES_ERROR;
				GCC_WARN_UNDECLARED_SELECTOR = YES;
				GCC_WARN_UNINITIALIZED_AUTOS = YES_AGGRESSIVE;
				GCC_WARN_UNUSED_FUNCTION = YES;
				GCC_WARN_UNUSED_VARIABLE = YES;
				IPHONEOS_DEPLOYMENT_TARGET = 15.0;
				MTL_ENABLE_DEBUG_INFO = NO;
				MTL_FAST_MATH = YES;
				SDKROOT = iphoneos;
				SWIFT_COMPILATION_MODE = wholemodule;
				SWIFT_OPTIMIZATION_LEVEL = "-O";
				VALIDATE_PRODUCT = YES;
				VERSIONING_SYSTEM = "apple-generic";
				VERSION_INFO_PREFIX = "";
			};
			name = Release;
		};
		225C81202745B07D0013E651 /* Debug */ = {
			isa = XCBuildConfiguration;
			buildSettings = {
				CLANG_ENABLE_MODULES = YES;
				CODE_SIGN_STYLE = Automatic;
				CURRENT_PROJECT_VERSION = 1;
				DEFINES_MODULE = YES;
				DEVELOPMENT_TEAM = 96U63CGYMR;
				DYLIB_COMPATIBILITY_VERSION = 1;
				DYLIB_CURRENT_VERSION = 1;
				DYLIB_INSTALL_NAME_BASE = "@rpath";
				"EXCLUDED_ARCHS[sdk=iphonesimulator*]" = arm64;
				GENERATE_INFOPLIST_FILE = YES;
				INFOPLIST_KEY_NSHumanReadableCopyright = "";
				INSTALL_PATH = "$(LOCAL_LIBRARY_DIR)/Frameworks";
				LD_RUNPATH_SEARCH_PATHS = (
					"$(inherited)",
					"@executable_path/Frameworks",
					"@loader_path/Frameworks",
				);
				MARKETING_VERSION = 1.0;
				PRODUCT_BUNDLE_IDENTIFIER = LittleBitEverything.Domain;
				PRODUCT_NAME = "$(TARGET_NAME:c99extidentifier)";
				SKIP_INSTALL = YES;
				SWIFT_EMIT_LOC_STRINGS = YES;
				SWIFT_OPTIMIZATION_LEVEL = "-Onone";
				SWIFT_VERSION = 5.0;
				TARGETED_DEVICE_FAMILY = "1,2";
			};
			name = Debug;
		};
		225C81212745B07D0013E651 /* Release */ = {
			isa = XCBuildConfiguration;
			buildSettings = {
				CLANG_ENABLE_MODULES = YES;
				CODE_SIGN_STYLE = Automatic;
				CURRENT_PROJECT_VERSION = 1;
				DEFINES_MODULE = YES;
				DEVELOPMENT_TEAM = 96U63CGYMR;
				DYLIB_COMPATIBILITY_VERSION = 1;
				DYLIB_CURRENT_VERSION = 1;
				DYLIB_INSTALL_NAME_BASE = "@rpath";
				"EXCLUDED_ARCHS[sdk=iphonesimulator*]" = arm64;
				GENERATE_INFOPLIST_FILE = YES;
				INFOPLIST_KEY_NSHumanReadableCopyright = "";
				INSTALL_PATH = "$(LOCAL_LIBRARY_DIR)/Frameworks";
				LD_RUNPATH_SEARCH_PATHS = (
					"$(inherited)",
					"@executable_path/Frameworks",
					"@loader_path/Frameworks",
				);
				MARKETING_VERSION = 1.0;
				PRODUCT_BUNDLE_IDENTIFIER = LittleBitEverything.Domain;
				PRODUCT_NAME = "$(TARGET_NAME:c99extidentifier)";
				SKIP_INSTALL = YES;
				SWIFT_EMIT_LOC_STRINGS = YES;
				SWIFT_VERSION = 5.0;
				TARGETED_DEVICE_FAMILY = "1,2";
			};
			name = Release;
		};
/* End XCBuildConfiguration section */

/* Begin XCConfigurationList section */
		225C81122745B07D0013E651 /* Build configuration list for PBXProject "Domain" */ = {
			isa = XCConfigurationList;
			buildConfigurations = (
				225C811D2745B07D0013E651 /* Debug */,
				225C811E2745B07D0013E651 /* Release */,
			);
			defaultConfigurationIsVisible = 0;
			defaultConfigurationName = Release;
		};
		225C811F2745B07D0013E651 /* Build configuration list for PBXNativeTarget "Domain" */ = {
			isa = XCConfigurationList;
			buildConfigurations = (
				225C81202745B07D0013E651 /* Debug */,
				225C81212745B07D0013E651 /* Release */,
			);
			defaultConfigurationIsVisible = 0;
			defaultConfigurationName = Release;
		};
/* End XCConfigurationList section */
	};
	rootObject = 225C810F2745B07D0013E651 /* Project object */;
}
